
Microsoft Visual Studio Solution File, Format Version 12.00
# Visual Studio Version 16
VisualStudioVersion = 16.0.29123.88
MinimumVisualStudioVersion = 10.0.40219.1
Project("{FAE04EC0-301F-11D3-BF4B-00C04F79EFBC}") = "KriVisualizer", "KriVisualizer\KriVisualizer.csproj", "{AB5E9EBF-029E-4A29-80C8-7DB44711D818}"
EndProject
Global
	GlobalSection(SolutionConfigurationPlatforms) = preSolution
		Debug|Any CPU = Debug|Any CPU
		Release|Any CPU = Release|Any CPU
	EndGlobalSection
	GlobalSection(ProjectConfigurationPlatforms) = postSolution
		{AB5E9EBF-029E-4A29-80C8-7DB44711D818}.Debug|Any CPU.ActiveCfg = Debug|Any CPU
		{AB5E9EBF-029E-4A29-80C8-7DB44711D818}.Debug|Any CPU.Build.0 = Debug|Any CPU
		{AB5E9EBF-029E-4A29-80C8-7DB44711D818}.Release|Any CPU.ActiveCfg = Release|Any CPU
		{AB5E9EBF-029E-4A29-80C8-7DB44711D818}.Release|Any CPU.Build.0 = Release|Any CPU
	EndGlobalSection
	GlobalSection(SolutionProperties) = preSolution
		HideSolutionNode = FALSE
	EndGlobalSection
	GlobalSection(ExtensibilityGlobals) = postSolution
		SolutionGuid = {BA36A1CB-F9D8-450F-94BB-FAFD0F0EE6C9}
	EndGlobalSection
EndGlobal
